
Microsoft Visual Studio Solution File, Format Version 12.00
# Visual Studio Version 17
VisualStudioVersion = 17.7.34031.279
MinimumVisualStudioVersion = 10.0.40219.1
Project("{FAE04EC0-301F-11D3-BF4B-00C04F79EFBC}") = "Phase1Section4.23 selectionsort", "Phase1Section4.23 selectionsort\Phase1Section4.23 selectionsort.csproj", "{A8ED75EA-E02D-4AA6-847E-FC5DFD0D9E7B}"
EndProject
Global
	GlobalSection(SolutionConfigurationPlatforms) = preSolution
		Debug|Any CPU = Debug|Any CPU
		Release|Any CPU = Release|Any CPU
	EndGlobalSection
	GlobalSection(ProjectConfigurationPlatforms) = postSolution
		{A8ED75EA-E02D-4AA6-847E-FC5DFD0D9E7B}.Debug|Any CPU.ActiveCfg = Debug|Any CPU
		{A8ED75EA-E02D-4AA6-847E-FC5DFD0D9E7B}.Debug|Any CPU.Build.0 = Debug|Any CPU
		{A8ED75EA-E02D-4AA6-847E-FC5DFD0D9E7B}.Release|Any CPU.ActiveCfg = Release|Any CPU
		{A8ED75EA-E02D-4AA6-847E-FC5DFD0D9E7B}.Release|Any CPU.Build.0 = Release|Any CPU
	EndGlobalSection
	GlobalSection(SolutionProperties) = preSolution
		HideSolutionNode = FALSE
	EndGlobalSection
	GlobalSection(ExtensibilityGlobals) = postSolution
		SolutionGuid = {21B93C05-EE68-4561-B848-D471B6801865}
	EndGlobalSection
EndGlobal
